
Microsoft Visual Studio Solution File, Format Version 12.00
# Visual Studio Version 17
VisualStudioVersion = 17.3.32811.315
MinimumVisualStudioVersion = 10.0.40219.1
Project("{FAE04EC0-301F-11D3-BF4B-00C04F79EFBC}") = "testapp", "testapp\testapp.csproj", "{AB12D8BF-94BA-4BFA-9282-9F4EF0AC591D}"
EndProject
Global
	GlobalSection(SolutionConfigurationPlatforms) = preSolution
		Debug|Any CPU = Debug|Any CPU
		Release|Any CPU = Release|Any CPU
	EndGlobalSection
	GlobalSection(ProjectConfigurationPlatforms) = postSolution
		{AB12D8BF-94BA-4BFA-9282-9F4EF0AC591D}.Debug|Any CPU.ActiveCfg = Debug|Any CPU
		{AB12D8BF-94BA-4BFA-9282-9F4EF0AC591D}.Debug|Any CPU.Build.0 = Debug|Any CPU
		{AB12D8BF-94BA-4BFA-9282-9F4EF0AC591D}.Release|Any CPU.ActiveCfg = Release|Any CPU
		{AB12D8BF-94BA-4BFA-9282-9F4EF0AC591D}.Release|Any CPU.Build.0 = Release|Any CPU
	EndGlobalSection
	GlobalSection(SolutionProperties) = preSolution
		HideSolutionNode = FALSE
	EndGlobalSection
	GlobalSection(ExtensibilityGlobals) = postSolution
		SolutionGuid = {8931B0FB-D10B-4932-8589-0AC023AEEA71}
	EndGlobalSection
EndGlobal
